<?xml version="1.0" encoding="utf-8"?>
<Project ToolsVersion="4.0" xmlns="http://schemas.microsoft.com/developer/msbuild/2003">
  <ItemGroup>
    <None Include="packages.config" />
    <None Include="code\shader\sprite.vs">
      <Filter>code\shader</Filter>
    </None>
    <None Include="code\shader\sprite.fs">
      <Filter>code\shader</Filter>
    </None>
    <None Include="resource\level\one">
      <Filter>resource\level</Filter>
    </None>
    <None Include="resource\level\two">
      <Filter>resource\level</Filter>
    </None>
    <None Include="code\shader\particle.fs">
      <Filter>code\shader</Filter>
    </None>
    <None Include="code\shader\particle.vs">
      <Filter>code\shader</Filter>
    </None>
  </ItemGroup>
  <ItemGroup>
    <Filter Include="code">
      <UniqueIdentifier>{f1fd4ed6-8059-4c60-834c-260fae5d4cb0}</UniqueIdentifier>
    </Filter>
    <Filter Include="resource">
      <UniqueIdentifier>{926d6492-2271-4899-8c32-c8b0fe8b27b0}</UniqueIdentifier>
    </Filter>
    <Filter Include="code\src">
      <UniqueIdentifier>{ae5c9688-2146-4e16-8bc6-4261499df7a7}</UniqueIdentifier>
    </Filter>
    <Filter Include="code\include">
      <UniqueIdentifier>{d23119c5-7adf-4c54-9920-b1c6ff036ce2}</UniqueIdentifier>
    </Filter>
    <Filter Include="code\shader">
      <UniqueIdentifier>{cac9fbf6-dc9b-4599-8da9-c832dccb9308}</UniqueIdentifier>
    </Filter>
    <Filter Include="resource\texture">
      <UniqueIdentifier>{20c9419f-17bc-44fd-ac53-136c651865fe}</UniqueIdentifier>
    </Filter>
    <Filter Include="resource\level">
      <UniqueIdentifier>{1399e00b-bcce-4a62-8e63-2bf0b9326e25}</UniqueIdentifier>
    </Filter>
  </ItemGroup>
  <ItemGroup>
    <ClCompile Include="code\src\main.cpp">
      <Filter>code\src</Filter>
    </ClCompile>
    <ClCompile Include="code\src\shader.cpp">
      <Filter>code\src</Filter>
    </ClCompile>
    <ClCompile Include="code\src\texture.cpp">
      <Filter>code\src</Filter>
    </ClCompile>
    <ClCompile Include="code\src\game.cpp">
      <Filter>code\src</Filter>
    </ClCompile>
    <ClCompile Include="code\src\resource_manager.cpp">
      <Filter>code\src</Filter>
    </ClCompile>
    <ClCompile Include="code\src\spriteRenderer.cpp">
      <Filter>code\src</Filter>
    </ClCompile>
    <ClCompile Include="code\src\gameObject.cpp">
      <Filter>code\src</Filter>
    </ClCompile>
    <ClCompile Include="code\src\gameLevel.cpp">
      <Filter>code\src</Filter>
    </ClCompile>
    <ClCompile Include="code\src\ballObject.cpp">
      <Filter>code\src</Filter>
    </ClCompile>
    <ClCompile Include="code\src\particleGenerator.cpp">
      <Filter>code\src</Filter>
    </ClCompile>
  </ItemGroup>
  <ItemGroup>
    <ClInclude Include="code\include\game.h">
      <Filter>code\include</Filter>
    </ClInclude>
    <ClInclude Include="code\include\shader.h">
      <Filter>code\include</Filter>
    </ClInclude>
    <ClInclude Include="code\include\texture.h">
      <Filter>code\include</Filter>
    </ClInclude>
    <ClInclude Include="code\include\resource_manager.h">
      <Filter>code\include</Filter>
    </ClInclude>
    <ClInclude Include="code\include\spriteRenderer.h">
      <Filter>code\include</Filter>
    </ClInclude>
    <ClInclude Include="code\include\gameObject.h">
      <Filter>code\include</Filter>
    </ClInclude>
    <ClInclude Include="code\include\gameLevel.h">
      <Filter>code\include</Filter>
    </ClInclude>
    <ClInclude Include="resource.h" />
    <ClInclude Include="code\include\ballObject.h">
      <Filter>code\include</Filter>
    </ClInclude>
    <ClInclude Include="code\include\particleGenerator.h">
      <Filter>code\include</Filter>
    </ClInclude>
  </ItemGroup>
  <ItemGroup>
    <Image Include="resource\textures\awesomeface.png">
      <Filter>resource\texture</Filter>
    </Image>
    <Image Include="resource\textures\container.jpg">
      <Filter>resource\texture</Filter>
    </Image>
    <Image Include="resource\textures\container2.png">
      <Filter>resource\texture</Filter>
    </Image>
    <Image Include="resource\textures\container2_specular.png">
      <Filter>resource\texture</Filter>
    </Image>
    <Image Include="resource\textures\block.png">
      <Filter>resource\texture</Filter>
    </Image>
    <Image Include="resource\textures\block_solid.png">
      <Filter>resource\texture</Filter>
    </Image>
  </ItemGroup>
  <ItemGroup>
    <Text Include="resource\level\three">
      <Filter>resource\level</Filter>
    </Text>
    <Text Include="resource\level\four">
      <Filter>resource\level</Filter>
    </Text>
  </ItemGroup>
</Project>